
Microsoft Visual Studio Solution File, Format Version 12.00
# Visual Studio Version 17
VisualStudioVersion = 17.8.34511.84
MinimumVisualStudioVersion = 10.0.40219.1
Project("{FAE04EC0-301F-11D3-BF4B-00C04F79EFBC}") = "TodoList", "TodoList\TodoList.csproj", "{E91547BA-BCD6-4C40-AF63-B3F9B41D37BB}"
EndProject
Global
	GlobalSection(SolutionConfigurationPlatforms) = preSolution
		Debug|Any CPU = Debug|Any CPU
		Release|Any CPU = Release|Any CPU
	EndGlobalSection
	GlobalSection(ProjectConfigurationPlatforms) = postSolution
		{E91547BA-BCD6-4C40-AF63-B3F9B41D37BB}.Debug|Any CPU.ActiveCfg = Debug|Any CPU
		{E91547BA-BCD6-4C40-AF63-B3F9B41D37BB}.Debug|Any CPU.Build.0 = Debug|Any CPU
		{E91547BA-BCD6-4C40-AF63-B3F9B41D37BB}.Release|Any CPU.ActiveCfg = Release|Any CPU
		{E91547BA-BCD6-4C40-AF63-B3F9B41D37BB}.Release|Any CPU.Build.0 = Release|Any CPU
	EndGlobalSection
	GlobalSection(SolutionProperties) = preSolution
		HideSolutionNode = FALSE
	EndGlobalSection
	GlobalSection(ExtensibilityGlobals) = postSolution
		SolutionGuid = {7B110C99-C112-4276-9230-598EF0CCD719}
	EndGlobalSection
EndGlobal
